
Microsoft Visual Studio Solution File, Format Version 12.00
# Visual Studio Version 16
VisualStudioVersion = 16.0.30128.74
MinimumVisualStudioVersion = 10.0.40219.1
Project("{FAE04EC0-301F-11D3-BF4B-00C04F79EFBC}") = "GifWaller", "GifWaller\GifWaller.csproj", "{99C5184B-43B7-4B52-B0DD-BA432A413C88}"
EndProject
Global
	GlobalSection(SolutionConfigurationPlatforms) = preSolution
		Debug|x64 = Debug|x64
		Debug|x86 = Debug|x86
		Release|x64 = Release|x64
		Release|x86 = Release|x86
	EndGlobalSection
	GlobalSection(ProjectConfigurationPlatforms) = postSolution
		{99C5184B-43B7-4B52-B0DD-BA432A413C88}.Debug|x64.ActiveCfg = Debug|x64
		{99C5184B-43B7-4B52-B0DD-BA432A413C88}.Debug|x64.Build.0 = Debug|x64
		{99C5184B-43B7-4B52-B0DD-BA432A413C88}.Debug|x86.ActiveCfg = Debug|x86
		{99C5184B-43B7-4B52-B0DD-BA432A413C88}.Debug|x86.Build.0 = Debug|x86
		{99C5184B-43B7-4B52-B0DD-BA432A413C88}.Release|x64.ActiveCfg = Release|x64
		{99C5184B-43B7-4B52-B0DD-BA432A413C88}.Release|x64.Build.0 = Release|x64
		{99C5184B-43B7-4B52-B0DD-BA432A413C88}.Release|x86.ActiveCfg = Release|x86
		{99C5184B-43B7-4B52-B0DD-BA432A413C88}.Release|x86.Build.0 = Release|x86
	EndGlobalSection
	GlobalSection(SolutionProperties) = preSolution
		HideSolutionNode = FALSE
	EndGlobalSection
	GlobalSection(ExtensibilityGlobals) = postSolution
		SolutionGuid = {0F3BD187-2725-4C6B-B7BD-714DA2E93D8A}
	EndGlobalSection
EndGlobal
